PODS:
  - Alamofire (4.8.2)
  - AppCenter (2.0.1):
    - AppCenter/Analytics (= 2.0.1)
    - AppCenter/Crashes (= 2.0.1)
  - AppCenter/Analytics (2.0.1):
    - AppCenter/Core
  - AppCenter/Core (2.0.1)
  - AppCenter/Crashes (2.0.1):
    - AppCenter/Core

DEPENDENCIES:
  - Alamofire
  - AppCenter

SPEC REPOS:
  https://github.com/cocoapods/specs.git:
    - Alamofire
    - AppCenter

SPEC CHECKSUMS:
  Alamofire: ae5c501addb7afdbb13687d7f2f722c78734c2d3
  AppCenter: 6a5ff2fd007b53431259fdd74f91eb3d0dfea3d1

PODFILE CHECKSUM: 1f286d2c2b2969a8b51e49b34f239572850b032c

COCOAPODS: 1.6.1
