// !$*UTF8*$!
{
	archiveVersion = 1;
	classes = {
	};
	objectVersion = 50;
	objects = {

/* Begin PBXBuildFile section */
		110C36BA9A4457A3C54FFC20 /* Pods_WeatherMobileAppTests.framework in Frameworks */ = {isa = PBXBuildFile; fileRef = 62CDF76521E959B9B8A2B882 /* Pods_WeatherMobileAppTests.framework */; };
		5D5D03A7C204C8A8539C7BCD /* Pods_WeatherMobileApp.framework in Frameworks */ = {isa = PBXBuildFile; fileRef = 597733E035748C52DF9B5FB3 /* Pods_WeatherMobileApp.framework */; };
		88ADA700227E9F0300128E84 /* Images.xcassets in Resources */ = {isa = PBXBuildFile; fileRef = 88ADA6FF227E9F0300128E84 /* Images.xcassets */; };
		88ADA702227FDE4500128E84 /* main.storyboard in Resources */ = {isa = PBXBuildFile; fileRef = 88ADA701227FDE4500128E84 /* main.storyboard */; };
		88ADA708227FE16A00128E84 /* HourlyForecast.swift in Sources */ = {isa = PBXBuildFile; fileRef = 88ADA704227FE16900128E84 /* HourlyForecast.swift */; };
		88ADA709227FE16A00128E84 /* DaysForecast.swift in Sources */ = {isa = PBXBuildFile; fileRef = 88ADA705227FE16900128E84 /* DaysForecast.swift */; };
		88ADA70A227FE16A00128E84 /* CurrentWeather.swift in Sources */ = {isa = PBXBuildFile; fileRef = 88ADA706227FE16900128E84 /* CurrentWeather.swift */; };
		88ADA70B227FE16A00128E84 /* Location.swift in Sources */ = {isa = PBXBuildFile; fileRef = 88ADA707227FE16A00128E84 /* Location.swift */; };
		88ADA70D227FE48100128E84 /* Settings.swift in Sources */ = {isa = PBXBuildFile; fileRef = 88ADA70C227FE48100128E84 /* Settings.swift */; };
		88ADA710227FE4A000128E84 /* CoreDataStack.swift in Sources */ = {isa = PBXBuildFile; fileRef = 88ADA70F227FE4A000128E84 /* CoreDataStack.swift */; };
		88ADA713227FE58400128E84 /* DateExtension.swift in Sources */ = {isa = PBXBuildFile; fileRef = 88ADA712227FE58400128E84 /* DateExtension.swift */; };
		88ADA715227FE60700128E84 /* Constants.swift in Sources */ = {isa = PBXBuildFile; fileRef = 88ADA714227FE60700128E84 /* Constants.swift */; };
		88ADA717227FE64300128E84 /* Emitter.swift in Sources */ = {isa = PBXBuildFile; fileRef = 88ADA716227FE64300128E84 /* Emitter.swift */; };
		88ADA71A227FE93B00128E84 /* HourlyForecastViewController.swift in Sources */ = {isa = PBXBuildFile; fileRef = 88ADA719227FE93B00128E84 /* HourlyForecastViewController.swift */; };
		88ADA71C227FE94D00128E84 /* HourlyForecast.storyboard in Resources */ = {isa = PBXBuildFile; fileRef = 88ADA71B227FE94D00128E84 /* HourlyForecast.storyboard */; };
		88ADA71E227FEA5100128E84 /* HourlyForecastTableViewCell.swift in Sources */ = {isa = PBXBuildFile; fileRef = 88ADA71D227FEA5100128E84 /* HourlyForecastTableViewCell.swift */; };
		88ADA721227FF3AE00128E84 /* DaysForecastViewController.swift in Sources */ = {isa = PBXBuildFile; fileRef = 88ADA720227FF3AE00128E84 /* DaysForecastViewController.swift */; };
		88ADA725227FF45600128E84 /* DaysForecastTableViewCell.swift in Sources */ = {isa = PBXBuildFile; fileRef = 88ADA724227FF45600128E84 /* DaysForecastTableViewCell.swift */; };
		88ADA727227FF89000128E84 /* DaysForecast.storyboard in Resources */ = {isa = PBXBuildFile; fileRef = 88ADA726227FF89000128E84 /* DaysForecast.storyboard */; };
		88FB9840227D47C9005FBB46 /* AppDelegate.swift in Sources */ = {isa = PBXBuildFile; fileRef = 88FB983F227D47C9005FBB46 /* AppDelegate.swift */; };
		88FB9842227D47C9005FBB46 /* CurrentForecastViewController.swift in Sources */ = {isa = PBXBuildFile; fileRef = 88FB9841227D47C9005FBB46 /* CurrentForecastViewController.swift */; };
		88FB9845227D47C9005FBB46 /* CurrentForecast.storyboard in Resources */ = {isa = PBXBuildFile; fileRef = 88FB9843227D47C9005FBB46 /* CurrentForecast.storyboard */; };
		88FB9848227D47C9005FBB46 /* WeatherMobileApp.xcdatamodeld in Sources */ = {isa = PBXBuildFile; fileRef = 88FB9846227D47C9005FBB46 /* WeatherMobileApp.xcdatamodeld */; };
		88FB984D227D47CD005FBB46 /* LaunchScreen.storyboard in Resources */ = {isa = PBXBuildFile; fileRef = 88FB984B227D47CD005FBB46 /* LaunchScreen.storyboard */; };
		88FB9858227D47CD005FBB46 /* WeatherMobileAppTests.swift in Sources */ = {isa = PBXBuildFile; fileRef = 88FB9857227D47CD005FBB46 /* WeatherMobileAppTests.swift */; };
		88FB9863227D47CD005FBB46 /* WeatherMobileAppUITests.swift in Sources */ = {isa = PBXBuildFile; fileRef = 88FB9862227D47CD005FBB46 /* WeatherMobileAppUITests.swift */; };
		CF54A010DEA648B5D55B2C83 /* Pods_WeatherMobileAppUITests.framework in Frameworks */ = {isa = PBXBuildFile; fileRef = 8A76DE758C2D29589E8272C0 /* Pods_WeatherMobileAppUITests.framework */; };
/* End PBXBuildFile section */

/* Begin PBXContainerItemProxy section */
		88FB9854227D47CD005FBB46 /* PBXContainerItemProxy */ = {
			isa = PBXContainerItemProxy;
			containerPortal = 88FB9834227D47C9005FBB46 /* Project object */;
			proxyType = 1;
			remoteGlobalIDString = 88FB983B227D47C9005FBB46;
			remoteInfo = WeatherMobileApp;
		};
		88FB985F227D47CD005FBB46 /* PBXContainerItemProxy */ = {
			isa = PBXContainerItemProxy;
			containerPortal = 88FB9834227D47C9005FBB46 /* Project object */;
			proxyType = 1;
			remoteGlobalIDString = 88FB983B227D47C9005FBB46;
			remoteInfo = WeatherMobileApp;
		};
/* End PBXContainerItemProxy section */

/* Begin PBXFileReference section */
		3C5F4048721A096A93EA5063 /* Pods-WeatherMobileAppTests.release.xcconfig */ = {isa = PBXFileReference; includeInIndex = 1; lastKnownFileType = text.xcconfig; name = "Pods-WeatherMobileAppTests.release.xcconfig"; path = "Target Support Files/Pods-WeatherMobileAppTests/Pods-WeatherMobileAppTests.release.xcconfig"; sourceTree = "<group>"; };
		3E719FE1CCADE538A5387988 /* Pods-WeatherMobileAppUITests.debug.xcconfig */ = {isa = PBXFileReference; includeInIndex = 1; lastKnownFileType = text.xcconfig; name = "Pods-WeatherMobileAppUITests.debug.xcconfig"; path = "Target Support Files/Pods-WeatherMobileAppUITests/Pods-WeatherMobileAppUITests.debug.xcconfig"; sourceTree = "<group>"; };
		597733E035748C52DF9B5FB3 /* Pods_WeatherMobileApp.framework */ = {isa = PBXFileReference; explicitFileType = wrapper.framework; includeInIndex = 0; path = Pods_WeatherMobileApp.framework; sourceTree = BUILT_PRODUCTS_DIR; };
		60CAF854590F41A0A85F0486 /* Pods-WeatherMobileAppUITests.release.xcconfig */ = {isa = PBXFileReference; includeInIndex = 1; lastKnownFileType = text.xcconfig; name = "Pods-WeatherMobileAppUITests.release.xcconfig"; path = "Target Support Files/Pods-WeatherMobileAppUITests/Pods-WeatherMobileAppUITests.release.xcconfig"; sourceTree = "<group>"; };
		62CDF76521E959B9B8A2B882 /* Pods_WeatherMobileAppTests.framework */ = {isa = PBXFileReference; explicitFileType = wrapper.framework; includeInIndex = 0; path = Pods_WeatherMobileAppTests.framework; sourceTree = BUILT_PRODUCTS_DIR; };
		70D56524EA3DF2F6595547F3 /* Pods-WeatherMobileApp.debug.xcconfig */ = {isa = PBXFileReference; includeInIndex = 1; lastKnownFileType = text.xcconfig; name = "Pods-WeatherMobileApp.debug.xcconfig"; path = "Target Support Files/Pods-WeatherMobileApp/Pods-WeatherMobileApp.debug.xcconfig"; sourceTree = "<group>"; };
		849B7FC9A4B9E0AF827C9A5B /* Pods-WeatherMobileAppTests.debug.xcconfig */ = {isa = PBXFileReference; includeInIndex = 1; lastKnownFileType = text.xcconfig; name = "Pods-WeatherMobileAppTests.debug.xcconfig"; path = "Target Support Files/Pods-WeatherMobileAppTests/Pods-WeatherMobileAppTests.debug.xcconfig"; sourceTree = "<group>"; };
		88ADA6FF227E9F0300128E84 /* Images.xcassets */ = {isa = PBXFileReference; lastKnownFileType = folder.assetcatalog; path = Images.xcassets; sourceTree = "<group>"; };
		88ADA701227FDE4500128E84 /* main.storyboard */ = {isa = PBXFileReference; lastKnownFileType = file.storyboard; path = main.storyboard; sourceTree = "<group>"; };
		88ADA704227FE16900128E84 /* HourlyForecast.swift */ = {isa = PBXFileReference; fileEncoding = 4; lastKnownFileType = sourcecode.swift; path = HourlyForecast.swift; sourceTree = "<group>"; };
		88ADA705227FE16900128E84 /* DaysForecast.swift */ = {isa = PBXFileReference; fileEncoding = 4; lastKnownFileType = sourcecode.swift; path = DaysForecast.swift; sourceTree = "<group>"; };
		88ADA706227FE16900128E84 /* CurrentWeather.swift */ = {isa = PBXFileReference; fileEncoding = 4; lastKnownFileType = sourcecode.swift; path = CurrentWeather.swift; sourceTree = "<group>"; };
		88ADA707227FE16A00128E84 /* Location.swift */ = {isa = PBXFileReference; fileEncoding = 4; lastKnownFileType = sourcecode.swift; path = Location.swift; sourceTree = "<group>"; };
		88ADA70C227FE48100128E84 /* Settings.swift */ = {isa = PBXFileReference; fileEncoding = 4; lastKnownFileType = sourcecode.swift; path = Settings.swift; sourceTree = "<group>"; };
		88ADA70F227FE4A000128E84 /* CoreDataStack.swift */ = {isa = PBXFileReference; fileEncoding = 4; lastKnownFileType = sourcecode.swift; path = CoreDataStack.swift; sourceTree = "<group>"; };
		88ADA712227FE58400128E84 /* DateExtension.swift */ = {isa = PBXFileReference; lastKnownFileType = sourcecode.swift; path = DateExtension.swift; sourceTree = "<group>"; };
		88ADA714227FE60700128E84 /* Constants.swift */ = {isa = PBXFileReference; fileEncoding = 4; lastKnownFileType = sourcecode.swift; path = Constants.swift; sourceTree = "<group>"; };
		88ADA716227FE64300128E84 /* Emitter.swift */ = {isa = PBXFileReference; fileEncoding = 4; lastKnownFileType = sourcecode.swift; path = Emitter.swift; sourceTree = "<group>"; };
		88ADA719227FE93B00128E84 /* HourlyForecastViewController.swift */ = {isa = PBXFileReference; lastKnownFileType = sourcecode.swift; path = HourlyForecastViewController.swift; sourceTree = "<group>"; };
		88ADA71B227FE94D00128E84 /* HourlyForecast.storyboard */ = {isa = PBXFileReference; lastKnownFileType = file.storyboard; path = HourlyForecast.storyboard; sourceTree = "<group>"; };
		88ADA71D227FEA5100128E84 /* HourlyForecastTableViewCell.swift */ = {isa = PBXFileReference; lastKnownFileType = sourcecode.swift; path = HourlyForecastTableViewCell.swift; sourceTree = "<group>"; };
		88ADA720227FF3AE00128E84 /* DaysForecastViewController.swift */ = {isa = PBXFileReference; lastKnownFileType = sourcecode.swift; path = DaysForecastViewController.swift; sourceTree = "<group>"; };
		88ADA724227FF45600128E84 /* DaysForecastTableViewCell.swift */ = {isa = PBXFileReference; lastKnownFileType = sourcecode.swift; path = DaysForecastTableViewCell.swift; sourceTree = "<group>"; };
		88ADA726227FF89000128E84 /* DaysForecast.storyboard */ = {isa = PBXFileReference; fileEncoding = 4; lastKnownFileType = file.storyboard; path = DaysForecast.storyboard; sourceTree = "<group>"; };
		88FB983C227D47C9005FBB46 /* WeatherMobileApp.app */ = {isa = PBXFileReference; explicitFileType = wrapper.application; includeInIndex = 0; path = WeatherMobileApp.app; sourceTree = BUILT_PRODUCTS_DIR; };
		88FB983F227D47C9005FBB46 /* AppDelegate.swift */ = {isa = PBXFileReference; lastKnownFileType = sourcecode.swift; path = AppDelegate.swift; sourceTree = "<group>"; };
		88FB9841227D47C9005FBB46 /* CurrentForecastViewController.swift */ = {isa = PBXFileReference; lastKnownFileType = sourcecode.swift; path = CurrentForecastViewController.swift; sourceTree = "<group>"; };
		88FB9844227D47C9005FBB46 /* Base */ = {isa = PBXFileReference; lastKnownFileType = file.storyboard; name = Base; path = Base.lproj/CurrentForecast.storyboard; sourceTree = "<group>"; };
		88FB9847227D47C9005FBB46 /* WeatherMobileApp.xcdatamodel */ = {isa = PBXFileReference; lastKnownFileType = wrapper.xcdatamodel; path = WeatherMobileApp.xcdatamodel; sourceTree = "<group>"; };
		88FB984C227D47CD005FBB46 /* Base */ = {isa = PBXFileReference; lastKnownFileType = file.storyboard; name = Base; path = Base.lproj/LaunchScreen.storyboard; sourceTree = "<group>"; };
		88FB984E227D47CD005FBB46 /* Info.plist */ = {isa = PBXFileReference; lastKnownFileType = text.plist.xml; path = Info.plist; sourceTree = "<group>"; };
		88FB9853227D47CD005FBB46 /* WeatherMobileAppTests.xctest */ = {isa = PBXFileReference; explicitFileType = wrapper.cfbundle; includeInIndex = 0; path = WeatherMobileAppTests.xctest; sourceTree = BUILT_PRODUCTS_DIR; };
		88FB9857227D47CD005FBB46 /* WeatherMobileAppTests.swift */ = {isa = PBXFileReference; lastKnownFileType = sourcecode.swift; path = WeatherMobileAppTests.swift; sourceTree = "<group>"; };
		88FB9859227D47CD005FBB46 /* Info.plist */ = {isa = PBXFileReference; lastKnownFileType = text.plist.xml; path = Info.plist; sourceTree = "<group>"; };
		88FB985E227D47CD005FBB46 /* WeatherMobileAppUITests.xctest */ = {isa = PBXFileReference; explicitFileType = wrapper.cfbundle; includeInIndex = 0; path = WeatherMobileAppUITests.xctest; sourceTree = BUILT_PRODUCTS_DIR; };
		88FB9862227D47CD005FBB46 /* WeatherMobileAppUITests.swift */ = {isa = PBXFileReference; lastKnownFileType = sourcecode.swift; path = WeatherMobileAppUITests.swift; sourceTree = "<group>"; };
		88FB9864227D47CD005FBB46 /* Info.plist */ = {isa = PBXFileReference; lastKnownFileType = text.plist.xml; path = Info.plist; sourceTree = "<group>"; };
		8A76DE758C2D29589E8272C0 /* Pods_WeatherMobileAppUITests.framework */ = {isa = PBXFileReference; explicitFileType = wrapper.framework; includeInIndex = 0; path = Pods_WeatherMobileAppUITests.framework; sourceTree = BUILT_PRODUCTS_DIR; };
		C25803593B7DDF8ECB769F1E /* Pods-WeatherMobileApp.release.xcconfig */ = {isa = PBXFileReference; includeInIndex = 1; lastKnownFileType = text.xcconfig; name = "Pods-WeatherMobileApp.release.xcconfig"; path = "Target Support Files/Pods-WeatherMobileApp/Pods-WeatherMobileApp.release.xcconfig"; sourceTree = "<group>"; };
/* End PBXFileReference section */

/* Begin PBXFrameworksBuildPhase section */
		88FB9839227D47C9005FBB46 /* Frameworks */ = {
			isa = PBXFrameworksBuildPhase;
			buildActionMask = 2147483647;
			files = (
				5D5D03A7C204C8A8539C7BCD /* Pods_WeatherMobileApp.framework in Frameworks */,
			);
			runOnlyForDeploymentPostprocessing = 0;
		};
		88FB9850227D47CD005FBB46 /* Frameworks */ = {
			isa = PBXFrameworksBuildPhase;
			buildActionMask = 2147483647;
			files = (
				110C36BA9A4457A3C54FFC20 /* Pods_WeatherMobileAppTests.framework in Frameworks */,
			);
			runOnlyForDeploymentPostprocessing = 0;
		};
		88FB985B227D47CD005FBB46 /* Frameworks */ = {
			isa = PBXFrameworksBuildPhase;
			buildActionMask = 2147483647;
			files = (
				CF54A010DEA648B5D55B2C83 /* Pods_WeatherMobileAppUITests.framework in Frameworks */,
			);
			runOnlyForDeploymentPostprocessing = 0;
		};
/* End PBXFrameworksBuildPhase section */

/* Begin PBXGroup section */
		12A2FC7DA30BF6BE8CF7E8C6 /* Frameworks */ = {
			isa = PBXGroup;
			children = (
				597733E035748C52DF9B5FB3 /* Pods_WeatherMobileApp.framework */,
				62CDF76521E959B9B8A2B882 /* Pods_WeatherMobileAppTests.framework */,
				8A76DE758C2D29589E8272C0 /* Pods_WeatherMobileAppUITests.framework */,
			);
			name = Frameworks;
			sourceTree = "<group>";
		};
		88ADA703227FE15B00128E84 /* Models */ = {
			isa = PBXGroup;
			children = (
				88ADA706227FE16900128E84 /* CurrentWeather.swift */,
				88ADA705227FE16900128E84 /* DaysForecast.swift */,
				88ADA704227FE16900128E84 /* HourlyForecast.swift */,
				88ADA707227FE16A00128E84 /* Location.swift */,
				88ADA70C227FE48100128E84 /* Settings.swift */,
			);
			path = Models;
			sourceTree = "<group>";
		};
		88ADA70E227FE49800128E84 /* CoreData */ = {
			isa = PBXGroup;
			children = (
				88FB9846227D47C9005FBB46 /* WeatherMobileApp.xcdatamodeld */,
				88ADA70F227FE4A000128E84 /* CoreDataStack.swift */,
			);
			path = CoreData;
			sourceTree = "<group>";
		};
		88ADA711227FE55900128E84 /* Extensions */ = {
			isa = PBXGroup;
			children = (
				88ADA712227FE58400128E84 /* DateExtension.swift */,
			);
			path = Extensions;
			sourceTree = "<group>";
		};
		88ADA718227FE91E00128E84 /* HourlyForecast */ = {
			isa = PBXGroup;
			children = (
				88ADA719227FE93B00128E84 /* HourlyForecastViewController.swift */,
				88ADA71D227FEA5100128E84 /* HourlyForecastTableViewCell.swift */,
				88ADA71B227FE94D00128E84 /* HourlyForecast.storyboard */,
			);
			path = HourlyForecast;
			sourceTree = "<group>";
		};
		88ADA71F227FF35000128E84 /* DaysForecast */ = {
			isa = PBXGroup;
			children = (
				88ADA726227FF89000128E84 /* DaysForecast.storyboard */,
				88ADA720227FF3AE00128E84 /* DaysForecastViewController.swift */,
				88ADA724227FF45600128E84 /* DaysForecastTableViewCell.swift */,
			);
			path = DaysForecast;
			sourceTree = "<group>";
		};
		88FB9833227D47C9005FBB46 = {
			isa = PBXGroup;
			children = (
				88FB983E227D47C9005FBB46 /* WeatherMobileApp */,
				88FB9856227D47CD005FBB46 /* WeatherMobileAppTests */,
				88FB9861227D47CD005FBB46 /* WeatherMobileAppUITests */,
				88FB983D227D47C9005FBB46 /* Products */,
				96CB2A8281FF72986E955D17 /* Pods */,
				12A2FC7DA30BF6BE8CF7E8C6 /* Frameworks */,
			);
			sourceTree = "<group>";
		};
		88FB983D227D47C9005FBB46 /* Products */ = {
			isa = PBXGroup;
			children = (
				88FB983C227D47C9005FBB46 /* WeatherMobileApp.app */,
				88FB9853227D47CD005FBB46 /* WeatherMobileAppTests.xctest */,
				88FB985E227D47CD005FBB46 /* WeatherMobileAppUITests.xctest */,
			);
			name = Products;
			sourceTree = "<group>";
		};
		88FB983E227D47C9005FBB46 /* WeatherMobileApp */ = {
			isa = PBXGroup;
			children = (
				88FB9870227E8454005FBB46 /* Code */,
				88FB9872227E99B7005FBB46 /* Resources */,
			);
			path = WeatherMobileApp;
			sourceTree = "<group>";
		};
		88FB9856227D47CD005FBB46 /* WeatherMobileAppTests */ = {
			isa = PBXGroup;
			children = (
				88FB9857227D47CD005FBB46 /* WeatherMobileAppTests.swift */,
				88FB9859227D47CD005FBB46 /* Info.plist */,
			);
			path = WeatherMobileAppTests;
			sourceTree = "<group>";
		};
		88FB9861227D47CD005FBB46 /* WeatherMobileAppUITests */ = {
			isa = PBXGroup;
			children = (
				88FB9862227D47CD005FBB46 /* WeatherMobileAppUITests.swift */,
				88FB9864227D47CD005FBB46 /* Info.plist */,
			);
			path = WeatherMobileAppUITests;
			sourceTree = "<group>";
		};
		88FB9870227E8454005FBB46 /* Code */ = {
			isa = PBXGroup;
			children = (
				88ADA711227FE55900128E84 /* Extensions */,
				88ADA70E227FE49800128E84 /* CoreData */,
				88ADA703227FE15B00128E84 /* Models */,
				88FB9874227E9C4F005FBB46 /* Features */,
				88FB9871227E9829005FBB46 /* Application */,
			);
			path = Code;
			sourceTree = "<group>";
		};
		88FB9871227E9829005FBB46 /* Application */ = {
			isa = PBXGroup;
			children = (
				88ADA716227FE64300128E84 /* Emitter.swift */,
				88ADA714227FE60700128E84 /* Constants.swift */,
				88FB984B227D47CD005FBB46 /* LaunchScreen.storyboard */,
				88FB983F227D47C9005FBB46 /* AppDelegate.swift */,
				88ADA701227FDE4500128E84 /* main.storyboard */,
			);
			path = Application;
			sourceTree = "<group>";
		};
		88FB9872227E99B7005FBB46 /* Resources */ = {
			isa = PBXGroup;
			children = (
				88ADA6FF227E9F0300128E84 /* Images.xcassets */,
				88FB984E227D47CD005FBB46 /* Info.plist */,
			);
			path = Resources;
			sourceTree = "<group>";
		};
		88FB9873227E9AF4005FBB46 /* CurrentForecast */ = {
			isa = PBXGroup;
			children = (
				88FB9843227D47C9005FBB46 /* CurrentForecast.storyboard */,
				88FB9841227D47C9005FBB46 /* CurrentForecastViewController.swift */,
			);
			path = CurrentForecast;
			sourceTree = "<group>";
		};
		88FB9874227E9C4F005FBB46 /* Features */ = {
			isa = PBXGroup;
			children = (
				88ADA71F227FF35000128E84 /* DaysForecast */,
				88ADA718227FE91E00128E84 /* HourlyForecast */,
				88FB9873227E9AF4005FBB46 /* CurrentForecast */,
			);
			path = Features;
			sourceTree = "<group>";
		};
		96CB2A8281FF72986E955D17 /* Pods */ = {
			isa = PBXGroup;
			children = (
				70D56524EA3DF2F6595547F3 /* Pods-WeatherMobileApp.debug.xcconfig */,
				C25803593B7DDF8ECB769F1E /* Pods-WeatherMobileApp.release.xcconfig */,
				849B7FC9A4B9E0AF827C9A5B /* Pods-WeatherMobileAppTests.debug.xcconfig */,
				3C5F4048721A096A93EA5063 /* Pods-WeatherMobileAppTests.release.xcconfig */,
				3E719FE1CCADE538A5387988 /* Pods-WeatherMobileAppUITests.debug.xcconfig */,
				60CAF854590F41A0A85F0486 /* Pods-WeatherMobileAppUITests.release.xcconfig */,
			);
			path = Pods;
			sourceTree = "<group>";
		};
/* End PBXGroup section */

/* Begin PBXNativeTarget section */
		88FB983B227D47C9005FBB46 /* WeatherMobileApp */ = {
			isa = PBXNativeTarget;
			buildConfigurationList = 88FB9867227D47CD005FBB46 /* Build configuration list for PBXNativeTarget "WeatherMobileApp" */;
			buildPhases = (
				47B4F9544FE8C75335D4B606 /* [CP] Check Pods Manifest.lock */,
				88FB9838227D47C9005FBB46 /* Sources */,
				88FB9839227D47C9005FBB46 /* Frameworks */,
				88FB983A227D47C9005FBB46 /* Resources */,
				F78E1D69359F3FB8C4608169 /* [CP] Embed Pods Frameworks */,
			);
			buildRules = (
			);
			dependencies = (
			);
			name = WeatherMobileApp;
			productName = WeatherMobileApp;
			productReference = 88FB983C227D47C9005FBB46 /* WeatherMobileApp.app */;
			productType = "com.apple.product-type.application";
		};
		88FB9852227D47CD005FBB46 /* WeatherMobileAppTests */ = {
			isa = PBXNativeTarget;
			buildConfigurationList = 88FB986A227D47CD005FBB46 /* Build configuration list for PBXNativeTarget "WeatherMobileAppTests" */;
			buildPhases = (
				D271530D7F907A85260B54A8 /* [CP] Check Pods Manifest.lock */,
				88FB984F227D47CD005FBB46 /* Sources */,
				88FB9850227D47CD005FBB46 /* Frameworks */,
				88FB9851227D47CD005FBB46 /* Resources */,
				58E08B5011BAF24141A23196 /* [CP] Embed Pods Frameworks */,
			);
			buildRules = (
			);
			dependencies = (
				88FB9855227D47CD005FBB46 /* PBXTargetDependency */,
			);
			name = WeatherMobileAppTests;
			productName = WeatherMobileAppTests;
			productReference = 88FB9853227D47CD005FBB46 /* WeatherMobileAppTests.xctest */;
			productType = "com.apple.product-type.bundle.unit-test";
		};
		88FB985D227D47CD005FBB46 /* WeatherMobileAppUITests */ = {
			isa = PBXNativeTarget;
			buildConfigurationList = 88FB986D227D47CD005FBB46 /* Build configuration list for PBXNativeTarget "WeatherMobileAppUITests" */;
			buildPhases = (
				1E086F7E1D38753F285963AE /* [CP] Check Pods Manifest.lock */,
				88FB985A227D47CD005FBB46 /* Sources */,
				88FB985B227D47CD005FBB46 /* Frameworks */,
				88FB985C227D47CD005FBB46 /* Resources */,
				BACAC05C5C15F4F6733A7B66 /* [CP] Embed Pods Frameworks */,
			);
			buildRules = (
			);
			dependencies = (
				88FB9860227D47CD005FBB46 /* PBXTargetDependency */,
			);
			name = WeatherMobileAppUITests;
			productName = WeatherMobileAppUITests;
			productReference = 88FB985E227D47CD005FBB46 /* WeatherMobileAppUITests.xctest */;
			productType = "com.apple.product-type.bundle.ui-testing";
		};
/* End PBXNativeTarget section */

/* Begin PBXProject section */
		88FB9834227D47C9005FBB46 /* Project object */ = {
			isa = PBXProject;
			attributes = {
				LastSwiftUpdateCheck = 1020;
				LastUpgradeCheck = 1020;
				ORGANIZATIONNAME = Prashanth;
				TargetAttributes = {
					88FB983B227D47C9005FBB46 = {
						CreatedOnToolsVersion = 10.2.1;
					};
					88FB9852227D47CD005FBB46 = {
						CreatedOnToolsVersion = 10.2.1;
						TestTargetID = 88FB983B227D47C9005FBB46;
					};
					88FB985D227D47CD005FBB46 = {
						CreatedOnToolsVersion = 10.2.1;
						TestTargetID = 88FB983B227D47C9005FBB46;
					};
				};
			};
			buildConfigurationList = 88FB9837227D47C9005FBB46 /* Build configuration list for PBXProject "WeatherMobileApp" */;
			compatibilityVersion = "Xcode 9.3";
			developmentRegion = en;
			hasScannedForEncodings = 0;
			knownRegions = (
				en,
				Base,
			);
			mainGroup = 88FB9833227D47C9005FBB46;
			productRefGroup = 88FB983D227D47C9005FBB46 /* Products */;
			projectDirPath = "";
			projectRoot = "";
			targets = (
				88FB983B227D47C9005FBB46 /* WeatherMobileApp */,
				88FB9852227D47CD005FBB46 /* WeatherMobileAppTests */,
				88FB985D227D47CD005FBB46 /* WeatherMobileAppUITests */,
			);
		};
/* End PBXProject section */

/* Begin PBXResourcesBuildPhase section */
		88FB983A227D47C9005FBB46 /* Resources */ = {
			isa = PBXResourcesBuildPhase;
			buildActionMask = 2147483647;
			files = (
				88ADA727227FF89000128E84 /* DaysForecast.storyboard in Resources */,
				88FB984D227D47CD005FBB46 /* LaunchScreen.storyboard in Resources */,
				88ADA71C227FE94D00128E84 /* HourlyForecast.storyboard in Resources */,
				88ADA700227E9F0300128E84 /* Images.xcassets in Resources */,
				88FB9845227D47C9005FBB46 /* CurrentForecast.storyboard in Resources */,
				88ADA702227FDE4500128E84 /* main.storyboard in Resources */,
			);
			runOnlyForDeploymentPostprocessing = 0;
		};
		88FB9851227D47CD005FBB46 /* Resources */ = {
			isa = PBXResourcesBuildPhase;
			buildActionMask = 2147483647;
			files = (
			);
			runOnlyForDeploymentPostprocessing = 0;
		};
		88FB985C227D47CD005FBB46 /* Resources */ = {
			isa = PBXResourcesBuildPhase;
			buildActionMask = 2147483647;
			files = (
			);
			runOnlyForDeploymentPostprocessing = 0;
		};
/* End PBXResourcesBuildPhase section */

/* Begin PBXShellScriptBuildPhase section */
		1E086F7E1D38753F285963AE /* [CP] Check Pods Manifest.lock */ = {
			isa = PBXShellScriptBuildPhase;
			buildActionMask = 2147483647;
			files = (
			);
			inputFileListPaths = (
			);
			inputPaths = (
				"${PODS_PODFILE_DIR_PATH}/Podfile.lock",
				"${PODS_ROOT}/Manifest.lock",
			);
			name = "[CP] Check Pods Manifest.lock";
			outputFileListPaths = (
			);
			outputPaths = (
				"$(DERIVED_FILE_DIR)/Pods-WeatherMobileAppUITests-checkManifestLockResult.txt",
			);
			runOnlyForDeploymentPostprocessing = 0;
			shellPath = /bin/sh;
			shellScript = "diff \"${PODS_PODFILE_DIR_PATH}/Podfile.lock\" \"${PODS_ROOT}/Manifest.lock\" > /dev/null\nif [ $? != 0 ] ; then\n    # print error to STDERR\n    echo \"error: The sandbox is not in sync with the Podfile.lock. Run 'pod install' or update your CocoaPods installation.\" >&2\n    exit 1\nfi\n# This output is used by Xcode 'outputs' to avoid re-running this script phase.\necho \"SUCCESS\" > \"${SCRIPT_OUTPUT_FILE_0}\"\n";
			showEnvVarsInLog = 0;
		};
		47B4F9544FE8C75335D4B606 /* [CP] Check Pods Manifest.lock */ = {
			isa = PBXShellScriptBuildPhase;
			buildActionMask = 2147483647;
			files = (
			);
			inputFileListPaths = (
			);
			inputPaths = (
				"${PODS_PODFILE_DIR_PATH}/Podfile.lock",
				"${PODS_ROOT}/Manifest.lock",
			);
			name = "[CP] Check Pods Manifest.lock";
			outputFileListPaths = (
			);
			outputPaths = (
				"$(DERIVED_FILE_DIR)/Pods-WeatherMobileApp-checkManifestLockResult.txt",
			);
			runOnlyForDeploymentPostprocessing = 0;
			shellPath = /bin/sh;
			shellScript = "diff \"${PODS_PODFILE_DIR_PATH}/Podfile.lock\" \"${PODS_ROOT}/Manifest.lock\" > /dev/null\nif [ $? != 0 ] ; then\n    # print error to STDERR\n    echo \"error: The sandbox is not in sync with the Podfile.lock. Run 'pod install' or update your CocoaPods installation.\" >&2\n    exit 1\nfi\n# This output is used by Xcode 'outputs' to avoid re-running this script phase.\necho \"SUCCESS\" > \"${SCRIPT_OUTPUT_FILE_0}\"\n";
			showEnvVarsInLog = 0;
		};
		58E08B5011BAF24141A23196 /* [CP] Embed Pods Frameworks */ = {
			isa = PBXShellScriptBuildPhase;
			buildActionMask = 2147483647;
			files = (
			);
			inputFileListPaths = (
			);
			inputPaths = (
				"${PODS_ROOT}/Target Support Files/Pods-WeatherMobileAppTests/Pods-WeatherMobileAppTests-frameworks.sh",
				"${BUILT_PRODUCTS_DIR}/Alamofire/Alamofire.framework",
			);
			name = "[CP] Embed Pods Frameworks";
			outputFileListPaths = (
			);
			outputPaths = (
				"${TARGET_BUILD_DIR}/${FRAMEWORKS_FOLDER_PATH}/Alamofire.framework",
			);
			runOnlyForDeploymentPostprocessing = 0;
			shellPath = /bin/sh;
			shellScript = "\"${PODS_ROOT}/Target Support Files/Pods-WeatherMobileAppTests/Pods-WeatherMobileAppTests-frameworks.sh\"\n";
			showEnvVarsInLog = 0;
		};
		BACAC05C5C15F4F6733A7B66 /* [CP] Embed Pods Frameworks */ = {
			isa = PBXShellScriptBuildPhase;
			buildActionMask = 2147483647;
			files = (
			);
			inputFileListPaths = (
			);
			inputPaths = (
				"${PODS_ROOT}/Target Support Files/Pods-WeatherMobileAppUITests/Pods-WeatherMobileAppUITests-frameworks.sh",
				"${BUILT_PRODUCTS_DIR}/Alamofire/Alamofire.framework",
			);
			name = "[CP] Embed Pods Frameworks";
			outputFileListPaths = (
			);
			outputPaths = (
				"${TARGET_BUILD_DIR}/${FRAMEWORKS_FOLDER_PATH}/Alamofire.framework",
			);
			runOnlyForDeploymentPostprocessing = 0;
			shellPath = /bin/sh;
			shellScript = "\"${PODS_ROOT}/Target Support Files/Pods-WeatherMobileAppUITests/Pods-WeatherMobileAppUITests-frameworks.sh\"\n";
			showEnvVarsInLog = 0;
		};
		D271530D7F907A85260B54A8 /* [CP] Check Pods Manifest.lock */ = {
			isa = PBXShellScriptBuildPhase;
			buildActionMask = 2147483647;
			files = (
			);
			inputFileListPaths = (
			);
			inputPaths = (
				"${PODS_PODFILE_DIR_PATH}/Podfile.lock",
				"${PODS_ROOT}/Manifest.lock",
			);
			name = "[CP] Check Pods Manifest.lock";
			outputFileListPaths = (
			);
			outputPaths = (
				"$(DERIVED_FILE_DIR)/Pods-WeatherMobileAppTests-checkManifestLockResult.txt",
			);
			runOnlyForDeploymentPostprocessing = 0;
			shellPath = /bin/sh;
			shellScript = "diff \"${PODS_PODFILE_DIR_PATH}/Podfile.lock\" \"${PODS_ROOT}/Manifest.lock\" > /dev/null\nif [ $? != 0 ] ; then\n    # print error to STDERR\n    echo \"error: The sandbox is not in sync with the Podfile.lock. Run 'pod install' or update your CocoaPods installation.\" >&2\n    exit 1\nfi\n# This output is used by Xcode 'outputs' to avoid re-running this script phase.\necho \"SUCCESS\" > \"${SCRIPT_OUTPUT_FILE_0}\"\n";
			showEnvVarsInLog = 0;
		};
		F78E1D69359F3FB8C4608169 /* [CP] Embed Pods Frameworks */ = {
			isa = PBXShellScriptBuildPhase;
			buildActionMask = 2147483647;
			files = (
			);
			inputFileListPaths = (
			);
			inputPaths = (
				"${PODS_ROOT}/Target Support Files/Pods-WeatherMobileApp/Pods-WeatherMobileApp-frameworks.sh",
				"${BUILT_PRODUCTS_DIR}/Alamofire/Alamofire.framework",
			);
			name = "[CP] Embed Pods Frameworks";
			outputFileListPaths = (
			);
			outputPaths = (
				"${TARGET_BUILD_DIR}/${FRAMEWORKS_FOLDER_PATH}/Alamofire.framework",
			);
			runOnlyForDeploymentPostprocessing = 0;
			shellPath = /bin/sh;
			shellScript = "\"${PODS_ROOT}/Target Support Files/Pods-WeatherMobileApp/Pods-WeatherMobileApp-frameworks.sh\"\n";
			showEnvVarsInLog = 0;
		};
/* End PBXShellScriptBuildPhase section */

/* Begin PBXSourcesBuildPhase section */
		88FB9838227D47C9005FBB46 /* Sources */ = {
			isa = PBXSourcesBuildPhase;
			buildActionMask = 2147483647;
			files = (
				88FB9842227D47C9005FBB46 /* CurrentForecastViewController.swift in Sources */,
				88ADA715227FE60700128E84 /* Constants.swift in Sources */,
				88ADA717227FE64300128E84 /* Emitter.swift in Sources */,
				88ADA713227FE58400128E84 /* DateExtension.swift in Sources */,
				88ADA708227FE16A00128E84 /* HourlyForecast.swift in Sources */,
				88ADA725227FF45600128E84 /* DaysForecastTableViewCell.swift in Sources */,
				88ADA71E227FEA5100128E84 /* HourlyForecastTableViewCell.swift in Sources */,
				88ADA70D227FE48100128E84 /* Settings.swift in Sources */,
				88ADA710227FE4A000128E84 /* CoreDataStack.swift in Sources */,
				88FB9840227D47C9005FBB46 /* AppDelegate.swift in Sources */,
				88FB9848227D47C9005FBB46 /* WeatherMobileApp.xcdatamodeld in Sources */,
				88ADA70A227FE16A00128E84 /* CurrentWeather.swift in Sources */,
				88ADA709227FE16A00128E84 /* DaysForecast.swift in Sources */,
				88ADA70B227FE16A00128E84 /* Location.swift in Sources */,
				88ADA71A227FE93B00128E84 /* HourlyForecastViewController.swift in Sources */,
				88ADA721227FF3AE00128E84 /* DaysForecastViewController.swift in Sources */,
			);
			runOnlyForDeploymentPostprocessing = 0;
		};
		88FB984F227D47CD005FBB46 /* Sources */ = {
			isa = PBXSourcesBuildPhase;
			buildActionMask = 2147483647;
			files = (
				88FB9858227D47CD005FBB46 /* WeatherMobileAppTests.swift in Sources */,
			);
			runOnlyForDeploymentPostprocessing = 0;
		};
		88FB985A227D47CD005FBB46 /* Sources */ = {
			isa = PBXSourcesBuildPhase;
			buildActionMask = 2147483647;
			files = (
				88FB9863227D47CD005FBB46 /* WeatherMobileAppUITests.swift in Sources */,
			);
			runOnlyForDeploymentPostprocessing = 0;
		};
/* End PBXSourcesBuildPhase section */

/* Begin PBXTargetDependency section */
		88FB9855227D47CD005FBB46 /* PBXTargetDependency */ = {
			isa = PBXTargetDependency;
			target = 88FB983B227D47C9005FBB46 /* WeatherMobileApp */;
			targetProxy = 88FB9854227D47CD005FBB46 /* PBXContainerItemProxy */;
		};
		88FB9860227D47CD005FBB46 /* PBXTargetDependency */ = {
			isa = PBXTargetDependency;
			target = 88FB983B227D47C9005FBB46 /* WeatherMobileApp */;
			targetProxy = 88FB985F227D47CD005FBB46 /* PBXContainerItemProxy */;
		};
/* End PBXTargetDependency section */

/* Begin PBXVariantGroup section */
		88FB9843227D47C9005FBB46 /* CurrentForecast.storyboard */ = {
			isa = PBXVariantGroup;
			children = (
				88FB9844227D47C9005FBB46 /* Base */,
			);
			name = CurrentForecast.storyboard;
			sourceTree = "<group>";
		};
		88FB984B227D47CD005FBB46 /* LaunchScreen.storyboard */ = {
			isa = PBXVariantGroup;
			children = (
				88FB984C227D47CD005FBB46 /* Base */,
			);
			name = LaunchScreen.storyboard;
			sourceTree = "<group>";
		};
/* End PBXVariantGroup section */

/* Begin XCBuildConfiguration section */
		88FB9865227D47CD005FBB46 /* Debug */ = {
			isa = XCBuildConfiguration;
			buildSettings = {
				ALWAYS_SEARCH_USER_PATHS = NO;
				CLANG_ANALYZER_NONNULL = YES;
				CLANG_ANALYZER_NUMBER_OBJECT_CONVERSION = YES_AGGRESSIVE;
				CLANG_CXX_LANGUAGE_STANDARD = "gnu++14";
				CLANG_CXX_LIBRARY = "libc++";
				CLANG_ENABLE_MODULES = YES;
				CLANG_ENABLE_OBJC_ARC = YES;
				CLANG_ENABLE_OBJC_WEAK = YES;
				CLANG_WARN_BLOCK_CAPTURE_AUTORELEASING = YES;
				CLANG_WARN_BOOL_CONVERSION = YES;
				CLANG_WARN_COMMA = YES;
				CLANG_WARN_CONSTANT_CONVERSION = YES;
				CLANG_WARN_DEPRECATED_OBJC_IMPLEMENTATIONS = YES;
				CLANG_WARN_DIRECT_OBJC_ISA_USAGE = YES_ERROR;
				CLANG_WARN_DOCUMENTATION_COMMENTS = YES;
				CLANG_WARN_EMPTY_BODY = YES;
				CLANG_WARN_ENUM_CONVERSION = YES;
				CLANG_WARN_INFINITE_RECURSION = YES;
				CLANG_WARN_INT_CONVERSION = YES;
				CLANG_WARN_NON_LITERAL_NULL_CONVERSION = YES;
				CLANG_WARN_OBJC_IMPLICIT_RETAIN_SELF = YES;
				CLANG_WARN_OBJC_LITERAL_CONVERSION = YES;
				CLANG_WARN_OBJC_ROOT_CLASS = YES_ERROR;
				CLANG_WARN_RANGE_LOOP_ANALYSIS = YES;
				CLANG_WARN_STRICT_PROTOTYPES = YES;
				CLANG_WARN_SUSPICIOUS_MOVE = YES;
				CLANG_WARN_UNGUARDED_AVAILABILITY = YES_AGGRESSIVE;
				CLANG_WARN_UNREACHABLE_CODE = YES;
				CLANG_WARN__DUPLICATE_METHOD_MATCH = YES;
				CODE_SIGN_IDENTITY = "iPhone Developer";
				COPY_PHASE_STRIP = NO;
				DEBUG_INFORMATION_FORMAT = dwarf;
				ENABLE_STRICT_OBJC_MSGSEND = YES;
				ENABLE_TESTABILITY = YES;
				GCC_C_LANGUAGE_STANDARD = gnu11;
				GCC_DYNAMIC_NO_PIC = NO;
				GCC_NO_COMMON_BLOCKS = YES;
				GCC_OPTIMIZATION_LEVEL = 0;
				GCC_PREPROCESSOR_DEFINITIONS = (
					"DEBUG=1",
					"$(inherited)",
				);
				GCC_WARN_64_TO_32_BIT_CONVERSION = YES;
				GCC_WARN_ABOUT_RETURN_TYPE = YES_ERROR;
				GCC_WARN_UNDECLARED_SELECTOR = YES;
				GCC_WARN_UNINITIALIZED_AUTOS = YES_AGGRESSIVE;
				GCC_WARN_UNUSED_FUNCTION = YES;
				GCC_WARN_UNUSED_VARIABLE = YES;
				IPHONEOS_DEPLOYMENT_TARGET = 12.2;
				MTL_ENABLE_DEBUG_INFO = INCLUDE_SOURCE;
				MTL_FAST_MATH = YES;
				ONLY_ACTIVE_ARCH = YES;
				SDKROOT = iphoneos;
				SWIFT_ACTIVE_COMPILATION_CONDITIONS = DEBUG;
				SWIFT_OPTIMIZATION_LEVEL = "-Onone";
			};
			name = Debug;
		};
		88FB9866227D47CD005FBB46 /* Release */ = {
			isa = XCBuildConfiguration;
			buildSettings = {
				ALWAYS_SEARCH_USER_PATHS = NO;
				CLANG_ANALYZER_NONNULL = YES;
				CLANG_ANALYZER_NUMBER_OBJECT_CONVERSION = YES_AGGRESSIVE;
				CLANG_CXX_LANGUAGE_STANDARD = "gnu++14";
				CLANG_CXX_LIBRARY = "libc++";
				CLANG_ENABLE_MODULES = YES;
				CLANG_ENABLE_OBJC_ARC = YES;
				CLANG_ENABLE_OBJC_WEAK = YES;
				CLANG_WARN_BLOCK_CAPTURE_AUTORELEASING = YES;
				CLANG_WARN_BOOL_CONVERSION = YES;
				CLANG_WARN_COMMA = YES;
				CLANG_WARN_CONSTANT_CONVERSION = YES;
				CLANG_WARN_DEPRECATED_OBJC_IMPLEMENTATIONS = YES;
				CLANG_WARN_DIRECT_OBJC_ISA_USAGE = YES_ERROR;
				CLANG_WARN_DOCUMENTATION_COMMENTS = YES;
				CLANG_WARN_EMPTY_BODY = YES;
				CLANG_WARN_ENUM_CONVERSION = YES;
				CLANG_WARN_INFINITE_RECURSION = YES;
				CLANG_WARN_INT_CONVERSION = YES;
				CLANG_WARN_NON_LITERAL_NULL_CONVERSION = YES;
				CLANG_WARN_OBJC_IMPLICIT_RETAIN_SELF = YES;
				CLANG_WARN_OBJC_LITERAL_CONVERSION = YES;
				CLANG_WARN_OBJC_ROOT_CLASS = YES_ERROR;
				CLANG_WARN_RANGE_LOOP_ANALYSIS = YES;
				CLANG_WARN_STRICT_PROTOTYPES = YES;
				CLANG_WARN_SUSPICIOUS_MOVE = YES;
				CLANG_WARN_UNGUARDED_AVAILABILITY = YES_AGGRESSIVE;
				CLANG_WARN_UNREACHABLE_CODE = YES;
				CLANG_WARN__DUPLICATE_METHOD_MATCH = YES;
				CODE_SIGN_IDENTITY = "iPhone Developer";
				COPY_PHASE_STRIP = NO;
				DEBUG_INFORMATION_FORMAT = "dwarf-with-dsym";
				ENABLE_NS_ASSERTIONS = NO;
				ENABLE_STRICT_OBJC_MSGSEND = YES;
				GCC_C_LANGUAGE_STANDARD = gnu11;
				GCC_NO_COMMON_BLOCKS = YES;
				GCC_WARN_64_TO_32_BIT_CONVERSION = YES;
				GCC_WARN_ABOUT_RETURN_TYPE = YES_ERROR;
				GCC_WARN_UNDECLARED_SELECTOR = YES;
				GCC_WARN_UNINITIALIZED_AUTOS = YES_AGGRESSIVE;
				GCC_WARN_UNUSED_FUNCTION = YES;
				GCC_WARN_UNUSED_VARIABLE = YES;
				IPHONEOS_DEPLOYMENT_TARGET = 12.2;
				MTL_ENABLE_DEBUG_INFO = NO;
				MTL_FAST_MATH = YES;
				SDKROOT = iphoneos;
				SWIFT_COMPILATION_MODE = wholemodule;
				SWIFT_OPTIMIZATION_LEVEL = "-O";
				VALIDATE_PRODUCT = YES;
			};
			name = Release;
		};
		88FB9868227D47CD005FBB46 /* Debug */ = {
			isa = XCBuildConfiguration;
			baseConfigurationReference = 70D56524EA3DF2F6595547F3 /* Pods-WeatherMobileApp.debug.xcconfig */;
			buildSettings = {
				ASSETCATALOG_COMPILER_APPICON_NAME = AppIcon;
				CODE_SIGN_STYLE = Automatic;
				DEVELOPMENT_TEAM = 52EUFTJV28;
				INFOPLIST_FILE = WeatherMobileApp/Resources/Info.plist;
				IPHONEOS_DEPLOYMENT_TARGET = 12.0;
				LD_RUNPATH_SEARCH_PATHS = (
					"$(inherited)",
					"@executable_path/Frameworks",
				);
				PRODUCT_BUNDLE_IDENTIFIER = com.prashanth.weathrapp;
				PRODUCT_NAME = "$(TARGET_NAME)";
				SWIFT_VERSION = 5.0;
				TARGETED_DEVICE_FAMILY = "1,2";
			};
			name = Debug;
		};
		88FB9869227D47CD005FBB46 /* Release */ = {
			isa = XCBuildConfiguration;
			baseConfigurationReference = C25803593B7DDF8ECB769F1E /* Pods-WeatherMobileApp.release.xcconfig */;
			buildSettings = {
				ASSETCATALOG_COMPILER_APPICON_NAME = AppIcon;
				CODE_SIGN_STYLE = Automatic;
				DEVELOPMENT_TEAM = 52EUFTJV28;
				INFOPLIST_FILE = WeatherMobileApp/Resources/Info.plist;
				IPHONEOS_DEPLOYMENT_TARGET = 12.0;
				LD_RUNPATH_SEARCH_PATHS = (
					"$(inherited)",
					"@executable_path/Frameworks",
				);
				PRODUCT_BUNDLE_IDENTIFIER = com.prashanth.weathrapp;
				PRODUCT_NAME = "$(TARGET_NAME)";
				SWIFT_VERSION = 5.0;
				TARGETED_DEVICE_FAMILY = "1,2";
			};
			name = Release;
		};
		88FB986B227D47CD005FBB46 /* Debug */ = {
			isa = XCBuildConfiguration;
			baseConfigurationReference = 849B7FC9A4B9E0AF827C9A5B /* Pods-WeatherMobileAppTests.debug.xcconfig */;
			buildSettings = {
				ALWAYS_EMBED_SWIFT_STANDARD_LIBRARIES = YES;
				BUNDLE_LOADER = "$(TEST_HOST)";
				CODE_SIGN_STYLE = Automatic;
				DEVELOPMENT_TEAM = 52EUFTJV28;
				INFOPLIST_FILE = WeatherMobileAppTests/Info.plist;
				LD_RUNPATH_SEARCH_PATHS = (
					"$(inherited)",
					"@executable_path/Frameworks",
					"@loader_path/Frameworks",
				);
				PRODUCT_BUNDLE_IDENTIFIER = com.kites.WeatherMobileAppTests;
				PRODUCT_NAME = "$(TARGET_NAME)";
				SWIFT_VERSION = 5.0;
				TARGETED_DEVICE_FAMILY = "1,2";
				TEST_HOST = "$(BUILT_PRODUCTS_DIR)/WeatherMobileApp.app/WeatherMobileApp";
			};
			name = Debug;
		};
		88FB986C227D47CD005FBB46 /* Release */ = {
			isa = XCBuildConfiguration;
			baseConfigurationReference = 3C5F4048721A096A93EA5063 /* Pods-WeatherMobileAppTests.release.xcconfig */;
			buildSettings = {
				ALWAYS_EMBED_SWIFT_STANDARD_LIBRARIES = YES;
				BUNDLE_LOADER = "$(TEST_HOST)";
				CODE_SIGN_STYLE = Automatic;
				DEVELOPMENT_TEAM = 52EUFTJV28;
				INFOPLIST_FILE = WeatherMobileAppTests/Info.plist;
				LD_RUNPATH_SEARCH_PATHS = (
					"$(inherited)",
					"@executable_path/Frameworks",
					"@loader_path/Frameworks",
				);
				PRODUCT_BUNDLE_IDENTIFIER = com.kites.WeatherMobileAppTests;
				PRODUCT_NAME = "$(TARGET_NAME)";
				SWIFT_VERSION = 5.0;
				TARGETED_DEVICE_FAMILY = "1,2";
				TEST_HOST = "$(BUILT_PRODUCTS_DIR)/WeatherMobileApp.app/WeatherMobileApp";
			};
			name = Release;
		};
		88FB986E227D47CD005FBB46 /* Debug */ = {
			isa = XCBuildConfiguration;
			baseConfigurationReference = 3E719FE1CCADE538A5387988 /* Pods-WeatherMobileAppUITests.debug.xcconfig */;
			buildSettings = {
				ALWAYS_EMBED_SWIFT_STANDARD_LIBRARIES = YES;
				CODE_SIGN_STYLE = Automatic;
				DEVELOPMENT_TEAM = 52EUFTJV28;
				INFOPLIST_FILE = WeatherMobileAppUITests/Info.plist;
				LD_RUNPATH_SEARCH_PATHS = (
					"$(inherited)",
					"@executable_path/Frameworks",
					"@loader_path/Frameworks",
				);
				PRODUCT_BUNDLE_IDENTIFIER = com.kites.WeatherMobileAppUITests;
				PRODUCT_NAME = "$(TARGET_NAME)";
				SWIFT_VERSION = 5.0;
				TARGETED_DEVICE_FAMILY = "1,2";
				TEST_TARGET_NAME = WeatherMobileApp;
			};
			name = Debug;
		};
		88FB986F227D47CD005FBB46 /* Release */ = {
			isa = XCBuildConfiguration;
			baseConfigurationReference = 60CAF854590F41A0A85F0486 /* Pods-WeatherMobileAppUITests.release.xcconfig */;
			buildSettings = {
				ALWAYS_EMBED_SWIFT_STANDARD_LIBRARIES = YES;
				CODE_SIGN_STYLE = Automatic;
				DEVELOPMENT_TEAM = 52EUFTJV28;
				INFOPLIST_FILE = WeatherMobileAppUITests/Info.plist;
				LD_RUNPATH_SEARCH_PATHS = (
					"$(inherited)",
					"@executable_path/Frameworks",
					"@loader_path/Frameworks",
				);
				PRODUCT_BUNDLE_IDENTIFIER = com.kites.WeatherMobileAppUITests;
				PRODUCT_NAME = "$(TARGET_NAME)";
				SWIFT_VERSION = 5.0;
				TARGETED_DEVICE_FAMILY = "1,2";
				TEST_TARGET_NAME = WeatherMobileApp;
			};
			name = Release;
		};
/* End XCBuildConfiguration section */

/* Begin XCConfigurationList section */
		88FB9837227D47C9005FBB46 /* Build configuration list for PBXProject "WeatherMobileApp" */ = {
			isa = XCConfigurationList;
			buildConfigurations = (
				88FB9865227D47CD005FBB46 /* Debug */,
				88FB9866227D47CD005FBB46 /* Release */,
			);
			defaultConfigurationIsVisible = 0;
			defaultConfigurationName = Release;
		};
		88FB9867227D47CD005FBB46 /* Build configuration list for PBXNativeTarget "WeatherMobileApp" */ = {
			isa = XCConfigurationList;
			buildConfigurations = (
				88FB9868227D47CD005FBB46 /* Debug */,
				88FB9869227D47CD005FBB46 /* Release */,
			);
			defaultConfigurationIsVisible = 0;
			defaultConfigurationName = Release;
		};
		88FB986A227D47CD005FBB46 /* Build configuration list for PBXNativeTarget "WeatherMobileAppTests" */ = {
			isa = XCConfigurationList;
			buildConfigurations = (
				88FB986B227D47CD005FBB46 /* Debug */,
				88FB986C227D47CD005FBB46 /* Release */,
			);
			defaultConfigurationIsVisible = 0;
			defaultConfigurationName = Release;
		};
		88FB986D227D47CD005FBB46 /* Build configuration list for PBXNativeTarget "WeatherMobileAppUITests" */ = {
			isa = XCConfigurationList;
			buildConfigurations = (
				88FB986E227D47CD005FBB46 /* Debug */,
				88FB986F227D47CD005FBB46 /* Release */,
			);
			defaultConfigurationIsVisible = 0;
			defaultConfigurationName = Release;
		};
/* End XCConfigurationList section */

/* Begin XCVersionGroup section */
		88FB9846227D47C9005FBB46 /* WeatherMobileApp.xcdatamodeld */ = {
			isa = XCVersionGroup;
			children = (
				88FB9847227D47C9005FBB46 /* WeatherMobileApp.xcdatamodel */,
			);
			currentVersion = 88FB9847227D47C9005FBB46 /* WeatherMobileApp.xcdatamodel */;
			path = WeatherMobileApp.xcdatamodeld;
			sourceTree = "<group>";
			versionGroupType = wrapper.xcdatamodel;
		};
/* End XCVersionGroup section */
	};
	rootObject = 88FB9834227D47C9005FBB46 /* Project object */;
}
